
Microsoft Visual Studio Solution File, Format Version 12.00
# Visual Studio 15
VisualStudioVersion = 15.0.27703.2042
MinimumVisualStudioVersion = 10.0.40219.1
Project("{FAE04EC0-301F-11D3-BF4B-00C04F79EFBC}") = "hoylo", "hoylo.csproj", "{FBDF2C5F-C7D4-418D-84AB-5E282E4B9B5D}"
EndProject
Global
	GlobalSection(SolutionConfigurationPlatforms) = preSolution
		Debug|Any CPU = Debug|Any CPU
		Release|Any CPU = Release|Any CPU
	EndGlobalSection
	GlobalSection(ProjectConfigurationPlatforms) = postSolution
		{FBDF2C5F-C7D4-418D-84AB-5E282E4B9B5D}.Debug|Any CPU.ActiveCfg = Debug|Any CPU
		{FBDF2C5F-C7D4-418D-84AB-5E282E4B9B5D}.Debug|Any CPU.Build.0 = Debug|Any CPU
		{FBDF2C5F-C7D4-418D-84AB-5E282E4B9B5D}.Release|Any CPU.ActiveCfg = Release|Any CPU
		{FBDF2C5F-C7D4-418D-84AB-5E282E4B9B5D}.Release|Any CPU.Build.0 = Release|Any CPU
	EndGlobalSection
	GlobalSection(SolutionProperties) = preSolution
		HideSolutionNode = FALSE
	EndGlobalSection
	GlobalSection(ExtensibilityGlobals) = postSolution
		SolutionGuid = {CA0AAF92-C88F-4E15-BB1A-849C34DBDF56}
	EndGlobalSection
EndGlobal
